
Microsoft Visual Studio Solution File, Format Version 12.00
# Visual Studio Version 17
VisualStudioVersion = 17.0.31903.59
MinimumVisualStudioVersion = 10.0.40219.1
Project("{2150E333-8FDC-42A3-9474-1A3956D46DE8}") = "src", "src", "{827E0CD3-B72D-47B6-A68D-7590B98EB39B}"
EndProject
Project("{FAE04EC0-301F-11D3-BF4B-00C04F79EFBC}") = "OptiMaxing.App", "src\OptiMaxing.App\OptiMaxing.App.csproj", "{81C1CFB1-BEFA-4ECA-A735-0344C41928A2}"
EndProject
Project("{FAE04EC0-301F-11D3-BF4B-00C04F79EFBC}") = "OptiMaxing.Core", "src\OptiMaxing.Core\OptiMaxing.Core.csproj", "{2D8ACA17-A1E0-4866-8A1D-13A54AF7307E}"
EndProject
Project("{FAE04EC0-301F-11D3-BF4B-00C04F79EFBC}") = "OptiMaxing.Tests", "tests\OptiMaxing.Tests\OptiMaxing.Tests.csproj", "{B2CD81E8-63D7-4781-B32E-94A831A458ED}"
EndProject
Project("{FAE04EC0-301F-11D3-BF4B-00C04F79EFBC}") = "OptiMaxing.Diagnostics", "src\OptiMaxing.Diagnostics\OptiMaxing.Diagnostics.csproj", "{0836AA8B-9CD1-4ACD-B4FB-DA825EAC64DB}"
EndProject
Global
	GlobalSection(SolutionConfigurationPlatforms) = preSolution
		Debug|Any CPU = Debug|Any CPU
		Debug|x64 = Debug|x64
		Debug|x86 = Debug|x86
		Release|Any CPU = Release|Any CPU
		Release|x64 = Release|x64
		Release|x86 = Release|x86
	EndGlobalSection
	GlobalSection(ProjectConfigurationPlatforms) = postSolution
		{81C1CFB1-BEFA-4ECA-A735-0344C41928A2}.Debug|Any CPU.ActiveCfg = Debug|Any CPU
		{81C1CFB1-BEFA-4ECA-A735-0344C41928A2}.Debug|Any CPU.Build.0 = Debug|Any CPU
		{81C1CFB1-BEFA-4ECA-A735-0344C41928A2}.Debug|x64.ActiveCfg = Debug|Any CPU
		{81C1CFB1-BEFA-4ECA-A735-0344C41928A2}.Debug|x64.Build.0 = Debug|Any CPU
		{81C1CFB1-BEFA-4ECA-A735-0344C41928A2}.Debug|x86.ActiveCfg = Debug|Any CPU
		{81C1CFB1-BEFA-4ECA-A735-0344C41928A2}.Debug|x86.Build.0 = Debug|Any CPU
		{81C1CFB1-BEFA-4ECA-A735-0344C41928A2}.Release|Any CPU.ActiveCfg = Release|Any CPU
		{81C1CFB1-BEFA-4ECA-A735-0344C41928A2}.Release|Any CPU.Build.0 = Release|Any CPU
		{81C1CFB1-BEFA-4ECA-A735-0344C41928A2}.Release|x64.ActiveCfg = Release|Any CPU
		{81C1CFB1-BEFA-4ECA-A735-0344C41928A2}.Release|x64.Build.0 = Release|Any CPU
		{81C1CFB1-BEFA-4ECA-A735-0344C41928A2}.Release|x86.ActiveCfg = Release|Any CPU
		{81C1CFB1-BEFA-4ECA-A735-0344C41928A2}.Release|x86.Build.0 = Release|Any CPU
		{2D8ACA17-A1E0-4866-8A1D-13A54AF7307E}.Debug|Any CPU.ActiveCfg = Debug|Any CPU
		{2D8ACA17-A1E0-4866-8A1D-13A54AF7307E}.Debug|Any CPU.Build.0 = Debug|Any CPU
		{2D8ACA17-A1E0-4866-8A1D-13A54AF7307E}.Debug|x64.ActiveCfg = Debug|Any CPU
		{2D8ACA17-A1E0-4866-8A1D-13A54AF7307E}.Debug|x64.Build.0 = Debug|Any CPU
		{2D8ACA17-A1E0-4866-8A1D-13A54AF7307E}.Debug|x86.ActiveCfg = Debug|Any CPU
		{2D8ACA17-A1E0-4866-8A1D-13A54AF7307E}.Debug|x86.Build.0 = Debug|Any CPU
		{2D8ACA17-A1E0-4866-8A1D-13A54AF7307E}.Release|Any CPU.ActiveCfg = Release|Any CPU
		{2D8ACA17-A1E0-4866-8A1D-13A54AF7307E}.Release|Any CPU.Build.0 = Release|Any CPU
		{2D8ACA17-A1E0-4866-8A1D-13A54AF7307E}.Release|x64.ActiveCfg = Release|Any CPU
		{2D8ACA17-A1E0-4866-8A1D-13A54AF7307E}.Release|x64.Build.0 = Release|Any CPU
		{2D8ACA17-A1E0-4866-8A1D-13A54AF7307E}.Release|x86.ActiveCfg = Release|Any CPU
		{2D8ACA17-A1E0-4866-8A1D-13A54AF7307E}.Release|x86.Build.0 = Release|Any CPU
		{B2CD81E8-63D7-4781-B32E-94A831A458ED}.Debug|Any CPU.ActiveCfg = Debug|Any CPU
		{B2CD81E8-63D7-4781-B32E-94A831A458ED}.Debug|Any CPU.Build.0 = Debug|Any CPU
		{B2CD81E8-63D7-4781-B32E-94A831A458ED}.Debug|x64.ActiveCfg = Debug|Any CPU
		{B2CD81E8-63D7-4781-B32E-94A831A458ED}.Debug|x64.Build.0 = Debug|Any CPU
		{B2CD81E8-63D7-4781-B32E-94A831A458ED}.Debug|x86.ActiveCfg = Debug|Any CPU
		{B2CD81E8-63D7-4781-B32E-94A831A458ED}.Debug|x86.Build.0 = Debug|Any CPU
		{B2CD81E8-63D7-4781-B32E-94A831A458ED}.Release|Any CPU.ActiveCfg = Release|Any CPU
		{B2CD81E8-63D7-4781-B32E-94A831A458ED}.Release|Any CPU.Build.0 = Release|Any CPU
		{B2CD81E8-63D7-4781-B32E-94A831A458ED}.Release|x64.ActiveCfg = Release|Any CPU
		{B2CD81E8-63D7-4781-B32E-94A831A458ED}.Release|x64.Build.0 = Release|Any CPU
		{B2CD81E8-63D7-4781-B32E-94A831A458ED}.Release|x86.ActiveCfg = Release|Any CPU
		{B2CD81E8-63D7-4781-B32E-94A831A458ED}.Release|x86.Build.0 = Release|Any CPU
		{0836AA8B-9CD1-4ACD-B4FB-DA825EAC64DB}.Debug|Any CPU.ActiveCfg = Debug|x64
		{0836AA8B-9CD1-4ACD-B4FB-DA825EAC64DB}.Debug|Any CPU.Build.0 = Debug|x64
		{0836AA8B-9CD1-4ACD-B4FB-DA825EAC64DB}.Debug|x64.ActiveCfg = Debug|x64
		{0836AA8B-9CD1-4ACD-B4FB-DA825EAC64DB}.Debug|x64.Build.0 = Debug|x64
		{0836AA8B-9CD1-4ACD-B4FB-DA825EAC64DB}.Debug|x86.ActiveCfg = Debug|x64
		{0836AA8B-9CD1-4ACD-B4FB-DA825EAC64DB}.Debug|x86.Build.0 = Debug|x64
		{0836AA8B-9CD1-4ACD-B4FB-DA825EAC64DB}.Release|Any CPU.ActiveCfg = Release|x64
		{0836AA8B-9CD1-4ACD-B4FB-DA825EAC64DB}.Release|Any CPU.Build.0 = Release|x64
		{0836AA8B-9CD1-4ACD-B4FB-DA825EAC64DB}.Release|x64.ActiveCfg = Release|x64
		{0836AA8B-9CD1-4ACD-B4FB-DA825EAC64DB}.Release|x64.Build.0 = Release|x64
		{0836AA8B-9CD1-4ACD-B4FB-DA825EAC64DB}.Release|x86.ActiveCfg = Release|x64
		{0836AA8B-9CD1-4ACD-B4FB-DA825EAC64DB}.Release|x86.Build.0 = Release|x64
	EndGlobalSection
	GlobalSection(SolutionProperties) = preSolution
		HideSolutionNode = FALSE
	EndGlobalSection
	GlobalSection(NestedProjects) = preSolution
		{81C1CFB1-BEFA-4ECA-A735-0344C41928A2} = {827E0CD3-B72D-47B6-A68D-7590B98EB39B}
		{2D8ACA17-A1E0-4866-8A1D-13A54AF7307E} = {827E0CD3-B72D-47B6-A68D-7590B98EB39B}
		{B2CD81E8-63D7-4781-B32E-94A831A458ED} = {827E0CD3-B72D-47B6-A68D-7590B98EB39B}
		{0836AA8B-9CD1-4ACD-B4FB-DA825EAC64DB} = {827E0CD3-B72D-47B6-A68D-7590B98EB39B}
	EndGlobalSection
EndGlobal
